// !$*UTF8*$!
{
	archiveVersion = 1;
	classes = {
	};
	objectVersion = 46;
	objects = {

/* Begin PBXBuildFile section */
		64141B151E7F83A900FF4DED /* main.m in Sources */ = {isa = PBXBuildFile; fileRef = 64141B141E7F83A900FF4DED /* main.m */; };
		64141B181E7F83A900FF4DED /* AppDelegate.m in Sources */ = {isa = PBXBuildFile; fileRef = 64141B171E7F83A900FF4DED /* AppDelegate.m */; };
		64141B1B1E7F83A900FF4DED /* ViewController.m in Sources */ = {isa = PBXBuildFile; fileRef = 64141B1A1E7F83A900FF4DED /* ViewController.m */; };
		64141B1E1E7F83A900FF4DED /* Main.storyboard in Resources */ = {isa = PBXBuildFile; fileRef = 64141B1C1E7F83A900FF4DED /* Main.storyboard */; };
		64141B201E7F83A900FF4DED /* Assets.xcassets in Resources */ = {isa = PBXBuildFile; fileRef = 64141B1F1E7F83A900FF4DED /* Assets.xcassets */; };
		64141B231E7F83A900FF4DED /* LaunchScreen.storyboard in Resources */ = {isa = PBXBuildFile; fileRef = 64141B211E7F83A900FF4DED /* LaunchScreen.storyboard */; };
		64141B2E1E7F83A900FF4DED /* ShopingAnimationTests.m in Sources */ = {isa = PBXBuildFile; fileRef = 64141B2D1E7F83A900FF4DED /* ShopingAnimationTests.m */; };
		64141B391E7F83A900FF4DED /* ShopingAnimationUITests.m in Sources */ = {isa = PBXBuildFile; fileRef = 64141B381E7F83A900FF4DED /* ShopingAnimationUITests.m */; };
/* End PBXBuildFile section */

/* Begin PBXContainerItemProxy section */
		64141B2A1E7F83A900FF4DED /* PBXContainerItemProxy */ = {
			isa = PBXContainerItemProxy;
			containerPortal = 64141B081E7F83A900FF4DED /* Project object */;
			proxyType = 1;
			remoteGlobalIDString = 64141B0F1E7F83A900FF4DED;
			remoteInfo = ShopingAnimation;
		};
		64141B351E7F83A900FF4DED /* PBXContainerItemProxy */ = {
			isa = PBXContainerItemProxy;
			containerPortal = 64141B081E7F83A900FF4DED /* Project object */;
			proxyType = 1;
			remoteGlobalIDString = 64141B0F1E7F83A900FF4DED;
			remoteInfo = ShopingAnimation;
		};
/* End PBXContainerItemProxy section */

/* Begin PBXFileReference section */
		64141B101E7F83A900FF4DED /* ShopingAnimation.app */ = {isa = PBXFileReference; explicitFileType = wrapper.application; includeInIndex = 0; path = ShopingAnimation.app; sourceTree = BUILT_PRODUCTS_DIR; };
		64141B141E7F83A900FF4DED /* main.m */ = {isa = PBXFileReference; lastKnownFileType = sourcecode.c.objc; path = main.m; sourceTree = "<group>"; };
		64141B161E7F83A900FF4DED /* AppDelegate.h */ = {isa = PBXFileReference; lastKnownFileType = sourcecode.c.h; path = AppDelegate.h; sourceTree = "<group>"; };
		64141B171E7F83A900FF4DED /* AppDelegate.m */ = {isa = PBXFileReference; lastKnownFileType = sourcecode.c.objc; path = AppDelegate.m; sourceTree = "<group>"; };
		64141B191E7F83A900FF4DED /* ViewController.h */ = {isa = PBXFileReference; lastKnownFileType = sourcecode.c.h; path = ViewController.h; sourceTree = "<group>"; };
		64141B1A1E7F83A900FF4DED /* ViewController.m */ = {isa = PBXFileReference; lastKnownFileType = sourcecode.c.objc; path = ViewController.m; sourceTree = "<group>"; };
		64141B1D1E7F83A900FF4DED /* Base */ = {isa = PBXFileReference; lastKnownFileType = file.storyboard; name = Base; path = Base.lproj/Main.storyboard; sourceTree = "<group>"; };
		64141B1F1E7F83A900FF4DED /* Assets.xcassets */ = {isa = PBXFileReference; lastKnownFileType = folder.assetcatalog; path = Assets.xcassets; sourceTree = "<group>"; };
		64141B221E7F83A900FF4DED /* Base */ = {isa = PBXFileReference; lastKnownFileType = file.storyboard; name = Base; path = Base.lproj/LaunchScreen.storyboard; sourceTree = "<group>"; };
		64141B241E7F83A900FF4DED /* Info.plist */ = {isa = PBXFileReference; lastKnownFileType = text.plist.xml; path = Info.plist; sourceTree = "<group>"; };
		64141B291E7F83A900FF4DED /* ShopingAnimationTests.xctest */ = {isa = PBXFileReference; explicitFileType = wrapper.cfbundle; includeInIndex = 0; path = ShopingAnimationTests.xctest; sourceTree = BUILT_PRODUCTS_DIR; };
		64141B2D1E7F83A900FF4DED /* ShopingAnimationTests.m */ = {isa = PBXFileReference; lastKnownFileType = sourcecode.c.objc; path = ShopingAnimationTests.m; sourceTree = "<group>"; };
		64141B2F1E7F83A900FF4DED /* Info.plist */ = {isa = PBXFileReference; lastKnownFileType = text.plist.xml; path = Info.plist; sourceTree = "<group>"; };
		64141B341E7F83A900FF4DED /* ShopingAnimationUITests.xctest */ = {isa = PBXFileReference; explicitFileType = wrapper.cfbundle; includeInIndex = 0; path = ShopingAnimationUITests.xctest; sourceTree = BUILT_PRODUCTS_DIR; };
		64141B381E7F83A900FF4DED /* ShopingAnimationUITests.m */ = {isa = PBXFileReference; lastKnownFileType = sourcecode.c.objc; path = ShopingAnimationUITests.m; sourceTree = "<group>"; };
		64141B3A1E7F83A900FF4DED /* Info.plist */ = {isa = PBXFileReference; lastKnownFileType = text.plist.xml; path = Info.plist; sourceTree = "<group>"; };
/* End PBXFileReference section */

/* Begin PBXFrameworksBuildPhase section */
		64141B0D1E7F83A900FF4DED /* Frameworks */ = {
			isa = PBXFrameworksBuildPhase;
			buildActionMask = 2147483647;
			files = (
			);
			runOnlyForDeploymentPostprocessing = 0;
		};
		64141B261E7F83A900FF4DED /* Frameworks */ = {
			isa = PBXFrameworksBuildPhase;
			buildActionMask = 2147483647;
			files = (
			);
			runOnlyForDeploymentPostprocessing = 0;
		};
		64141B311E7F83A900FF4DED /* Frameworks */ = {
			isa = PBXFrameworksBuildPhase;
			buildActionMask = 2147483647;
			files = (
			);
			runOnlyForDeploymentPostprocessing = 0;
		};
/* End PBXFrameworksBuildPhase section */

/* Begin PBXGroup section */
		64141B071E7F83A900FF4DED = {
			isa = PBXGroup;
			children = (
				64141B121E7F83A900FF4DED /* ShopingAnimation */,
				64141B2C1E7F83A900FF4DED /* ShopingAnimationTests */,
				64141B371E7F83A900FF4DED /* ShopingAnimationUITests */,
				64141B111E7F83A900FF4DED /* Products */,
			);
			sourceTree = "<group>";
		};
		64141B111E7F83A900FF4DED /* Products */ = {
			isa = PBXGroup;
			children = (
				64141B101E7F83A900FF4DED /* ShopingAnimation.app */,
				64141B291E7F83A900FF4DED /* ShopingAnimationTests.xctest */,
				64141B341E7F83A900FF4DED /* ShopingAnimationUITests.xctest */,
			);
			name = Products;
			sourceTree = "<group>";
		};
		64141B121E7F83A900FF4DED /* ShopingAnimation */ = {
			isa = PBXGroup;
			children = (
				64141B161E7F83A900FF4DED /* AppDelegate.h */,
				64141B171E7F83A900FF4DED /* AppDelegate.m */,
				64141B191E7F83A900FF4DED /* ViewController.h */,
				64141B1A1E7F83A900FF4DED /* ViewController.m */,
				64141B1C1E7F83A900FF4DED /* Main.storyboard */,
				64141B1F1E7F83A900FF4DED /* Assets.xcassets */,
				64141B211E7F83A900FF4DED /* LaunchScreen.storyboard */,
				64141B241E7F83A900FF4DED /* Info.plist */,
				64141B131E7F83A900FF4DED /* Supporting Files */,
			);
			path = ShopingAnimation;
			sourceTree = "<group>";
		};
		64141B131E7F83A900FF4DED /* Supporting Files */ = {
			isa = PBXGroup;
			children = (
				64141B141E7F83A900FF4DED /* main.m */,
			);
			name = "Supporting Files";
			sourceTree = "<group>";
		};
		64141B2C1E7F83A900FF4DED /* ShopingAnimationTests */ = {
			isa = PBXGroup;
			children = (
				64141B2D1E7F83A900FF4DED /* ShopingAnimationTests.m */,
				64141B2F1E7F83A900FF4DED /* Info.plist */,
			);
			path = ShopingAnimationTests;
			sourceTree = "<group>";
		};
		64141B371E7F83A900FF4DED /* ShopingAnimationUITests */ = {
			isa = PBXGroup;
			children = (
				64141B381E7F83A900FF4DED /* ShopingAnimationUITests.m */,
				64141B3A1E7F83A900FF4DED /* Info.plist */,
			);
			path = ShopingAnimationUITests;
			sourceTree = "<group>";
		};
/* End PBXGroup section */

/* Begin PBXNativeTarget section */
		64141B0F1E7F83A900FF4DED /* ShopingAnimation */ = {
			isa = PBXNativeTarget;
			buildConfigurationList = 64141B3D1E7F83A900FF4DED /* Build configuration list for PBXNativeTarget "ShopingAnimation" */;
			buildPhases = (
				64141B0C1E7F83A900FF4DED /* Sources */,
				64141B0D1E7F83A900FF4DED /* Frameworks */,
				64141B0E1E7F83A900FF4DED /* Resources */,
			);
			buildRules = (
			);
			dependencies = (
			);
			name = ShopingAnimation;
			productName = ShopingAnimation;
			productReference = 64141B101E7F83A900FF4DED /* ShopingAnimation.app */;
			productType = "com.apple.product-type.application";
		};
		64141B281E7F83A900FF4DED /* ShopingAnimationTests */ = {
			isa = PBXNativeTarget;
			buildConfigurationList = 64141B401E7F83A900FF4DED /* Build configuration list for PBXNativeTarget "ShopingAnimationTests" */;
			buildPhases = (
				64141B251E7F83A900FF4DED /* Sources */,
				64141B261E7F83A900FF4DED /* Frameworks */,
				64141B271E7F83A900FF4DED /* Resources */,
			);
			buildRules = (
			);
			dependencies = (
				64141B2B1E7F83A900FF4DED /* PBXTargetDependency */,
			);
			name = ShopingAnimationTests;
			productName = ShopingAnimationTests;
			productReference = 64141B291E7F83A900FF4DED /* ShopingAnimationTests.xctest */;
			productType = "com.apple.product-type.bundle.unit-test";
		};
		64141B331E7F83A900FF4DED /* ShopingAnimationUITests */ = {
			isa = PBXNativeTarget;
			buildConfigurationList = 64141B431E7F83A900FF4DED /* Build configuration list for PBXNativeTarget "ShopingAnimationUITests" */;
			buildPhases = (
				64141B301E7F83A900FF4DED /* Sources */,
				64141B311E7F83A900FF4DED /* Frameworks */,
				64141B321E7F83A900FF4DED /* Resources */,
			);
			buildRules = (
			);
			dependencies = (
				64141B361E7F83A900FF4DED /* PBXTargetDependency */,
			);
			name = ShopingAnimationUITests;
			productName = ShopingAnimationUITests;
			productReference = 64141B341E7F83A900FF4DED /* ShopingAnimationUITests.xctest */;
			productType = "com.apple.product-type.bundle.ui-testing";
		};
/* End PBXNativeTarget section */

/* Begin PBXProject section */
		64141B081E7F83A900FF4DED /* Project object */ = {
			isa = PBXProject;
			attributes = {
				LastUpgradeCheck = 0820;
				ORGANIZATIONNAME = menglong;
				TargetAttributes = {
					64141B0F1E7F83A900FF4DED = {
						CreatedOnToolsVersion = 8.2.1;
						ProvisioningStyle = Automatic;
					};
					64141B281E7F83A900FF4DED = {
						CreatedOnToolsVersion = 8.2.1;
						ProvisioningStyle = Automatic;
						TestTargetID = 64141B0F1E7F83A900FF4DED;
					};
					64141B331E7F83A900FF4DED = {
						CreatedOnToolsVersion = 8.2.1;
						ProvisioningStyle = Automatic;
						TestTargetID = 64141B0F1E7F83A900FF4DED;
					};
				};
			};
			buildConfigurationList = 64141B0B1E7F83A900FF4DED /* Build configuration list for PBXProject "ShopingAnimation" */;
			compatibilityVersion = "Xcode 3.2";
			developmentRegion = English;
			hasScannedForEncodings = 0;
			knownRegions = (
				en,
				Base,
			);
			mainGroup = 64141B071E7F83A900FF4DED;
			productRefGroup = 64141B111E7F83A900FF4DED /* Products */;
			projectDirPath = "";
			projectRoot = "";
			targets = (
				64141B0F1E7F83A900FF4DED /* ShopingAnimation */,
				64141B281E7F83A900FF4DED /* ShopingAnimationTests */,
				64141B331E7F83A900FF4DED /* ShopingAnimationUITests */,
			);
		};
/* End PBXProject section */

/* Begin PBXResourcesBuildPhase section */
		64141B0E1E7F83A900FF4DED /* Resources */ = {
			isa = PBXResourcesBuildPhase;
			buildActionMask = 2147483647;
			files = (
				64141B231E7F83A900FF4DED /* LaunchScreen.storyboard in Resources */,
				64141B201E7F83A900FF4DED /* Assets.xcassets in Resources */,
				64141B1E1E7F83A900FF4DED /* Main.storyboard in Resources */,
			);
			runOnlyForDeploymentPostprocessing = 0;
		};
		64141B271E7F83A900FF4DED /* Resources */ = {
			isa = PBXResourcesBuildPhase;
			buildActionMask = 2147483647;
			files = (
			);
			runOnlyForDeploymentPostprocessing = 0;
		};
		64141B321E7F83A900FF4DED /* Resources */ = {
			isa = PBXResourcesBuildPhase;
			buildActionMask = 2147483647;
			files = (
			);
			runOnlyForDeploymentPostprocessing = 0;
		};
/* End PBXResourcesBuildPhase section */

/* Begin PBXSourcesBuildPhase section */
		64141B0C1E7F83A900FF4DED /* Sources */ = {
			isa = PBXSourcesBuildPhase;
			buildActionMask = 2147483647;
			files = (
				64141B1B1E7F83A900FF4DED /* ViewController.m in Sources */,
				64141B181E7F83A900FF4DED /* AppDelegate.m in Sources */,
				64141B151E7F83A900FF4DED /* main.m in Sources */,
			);
			runOnlyForDeploymentPostprocessing = 0;
		};
		64141B251E7F83A900FF4DED /* Sources */ = {
			isa = PBXSourcesBuildPhase;
			buildActionMask = 2147483647;
			files = (
				64141B2E1E7F83A900FF4DED /* ShopingAnimationTests.m in Sources */,
			);
			runOnlyForDeploymentPostprocessing = 0;
		};
		64141B301E7F83A900FF4DED /* Sources */ = {
			isa = PBXSourcesBuildPhase;
			buildActionMask = 2147483647;
			files = (
				64141B391E7F83A900FF4DED /* ShopingAnimationUITests.m in Sources */,
			);
			runOnlyForDeploymentPostprocessing = 0;
		};
/* End PBXSourcesBuildPhase section */

/* Begin PBXTargetDependency section */
		64141B2B1E7F83A900FF4DED /* PBXTargetDependency */ = {
			isa = PBXTargetDependency;
			target = 64141B0F1E7F83A900FF4DED /* ShopingAnimation */;
			targetProxy = 64141B2A1E7F83A900FF4DED /* PBXContainerItemProxy */;
		};
		64141B361E7F83A900FF4DED /* PBXTargetDependency */ = {
			isa = PBXTargetDependency;
			target = 64141B0F1E7F83A900FF4DED /* ShopingAnimation */;
			targetProxy = 64141B351E7F83A900FF4DED /* PBXContainerItemProxy */;
		};
/* End PBXTargetDependency section */

/* Begin PBXVariantGroup section */
		64141B1C1E7F83A900FF4DED /* Main.storyboard */ = {
			isa = PBXVariantGroup;
			children = (
				64141B1D1E7F83A900FF4DED /* Base */,
			);
			name = Main.storyboard;
			sourceTree = "<group>";
		};
		64141B211E7F83A900FF4DED /* LaunchScreen.storyboard */ = {
			isa = PBXVariantGroup;
			children = (
				64141B221E7F83A900FF4DED /* Base */,
			);
			name = LaunchScreen.storyboard;
			sourceTree = "<group>";
		};
/* End PBXVariantGroup section */

/* Begin XCBuildConfiguration section */
		64141B3B1E7F83A900FF4DED /* Debug */ = {
			isa = XCBuildConfiguration;
			buildSettings = {
				ALWAYS_SEARCH_USER_PATHS = NO;
				CLANG_ANALYZER_NONNULL = YES;
				CLANG_CXX_LANGUAGE_STANDARD = "gnu++0x";
				CLANG_CXX_LIBRARY = "libc++";
				CLANG_ENABLE_MODULES = YES;
				CLANG_ENABLE_OBJC_ARC = YES;
				CLANG_WARN_BOOL_CONVERSION = YES;
				CLANG_WARN_CONSTANT_CONVERSION = YES;
				CLANG_WARN_DIRECT_OBJC_ISA_USAGE = YES_ERROR;
				CLANG_WARN_DOCUMENTATION_COMMENTS = YES;
				CLANG_WARN_EMPTY_BODY = YES;
				CLANG_WARN_ENUM_CONVERSION = YES;
				CLANG_WARN_INFINITE_RECURSION = YES;
				CLANG_WARN_INT_CONVERSION = YES;
				CLANG_WARN_OBJC_ROOT_CLASS = YES_ERROR;
				CLANG_WARN_SUSPICIOUS_MOVE = YES;
				CLANG_WARN_UNREACHABLE_CODE = YES;
				CLANG_WARN__DUPLICATE_METHOD_MATCH = YES;
				"CODE_SIGN_IDENTITY[sdk=iphoneos*]" = "iPhone Developer";
				COPY_PHASE_STRIP = NO;
				DEBUG_INFORMATION_FORMAT = dwarf;
				ENABLE_STRICT_OBJC_MSGSEND = YES;
				ENABLE_TESTABILITY = YES;
				GCC_C_LANGUAGE_STANDARD = gnu99;
				GCC_DYNAMIC_NO_PIC = NO;
				GCC_NO_COMMON_BLOCKS = YES;
				GCC_OPTIMIZATION_LEVEL = 0;
				GCC_PREPROCESSOR_DEFINITIONS = (
					"DEBUG=1",
					"$(inherited)",
				);
				GCC_WARN_64_TO_32_BIT_CONVERSION = YES;
				GCC_WARN_ABOUT_RETURN_TYPE = YES_ERROR;
				GCC_WARN_UNDECLARED_SELECTOR = YES;
				GCC_WARN_UNINITIALIZED_AUTOS = YES_AGGRESSIVE;
				GCC_WARN_UNUSED_FUNCTION = YES;
				GCC_WARN_UNUSED_VARIABLE = YES;
				IPHONEOS_DEPLOYMENT_TARGET = 10.2;
				MTL_ENABLE_DEBUG_INFO = YES;
				ONLY_ACTIVE_ARCH = YES;
				SDKROOT = iphoneos;
				TARGETED_DEVICE_FAMILY = "1,2";
			};
			name = Debug;
		};
		64141B3C1E7F83A900FF4DED /* Release */ = {
			isa = XCBuildConfiguration;
			buildSettings = {
				ALWAYS_SEARCH_USER_PATHS = NO;
				CLANG_ANALYZER_NONNULL = YES;
				CLANG_CXX_LANGUAGE_STANDARD = "gnu++0x";
				CLANG_CXX_LIBRARY = "libc++";
				CLANG_ENABLE_MODULES = YES;
				CLANG_ENABLE_OBJC_ARC = YES;
				CLANG_WARN_BOOL_CONVERSION = YES;
				CLANG_WARN_CONSTANT_CONVERSION = YES;
				CLANG_WARN_DIRECT_OBJC_ISA_USAGE = YES_ERROR;
				CLANG_WARN_DOCUMENTATION_COMMENTS = YES;
				CLANG_WARN_EMPTY_BODY = YES;
				CLANG_WARN_ENUM_CONVERSION = YES;
				CLANG_WARN_INFINITE_RECURSION = YES;
				CLANG_WARN_INT_CONVERSION = YES;
				CLANG_WARN_OBJC_ROOT_CLASS = YES_ERROR;
				CLANG_WARN_SUSPICIOUS_MOVE = YES;
				CLANG_WARN_UNREACHABLE_CODE = YES;
				CLANG_WARN__DUPLICATE_METHOD_MATCH = YES;
				"CODE_SIGN_IDENTITY[sdk=iphoneos*]" = "iPhone Developer";
				COPY_PHASE_STRIP = NO;
				DEBUG_INFORMATION_FORMAT = "dwarf-with-dsym";
				ENABLE_NS_ASSERTIONS = NO;
				ENABLE_STRICT_OBJC_MSGSEND = YES;
				GCC_C_LANGUAGE_STANDARD = gnu99;
				GCC_NO_COMMON_BLOCKS = YES;
				GCC_WARN_64_TO_32_BIT_CONVERSION = YES;
				GCC_WARN_ABOUT_RETURN_TYPE = YES_ERROR;
				GCC_WARN_UNDECLARED_SELECTOR = YES;
				GCC_WARN_UNINITIALIZED_AUTOS = YES_AGGRESSIVE;
				GCC_WARN_UNUSED_FUNCTION = YES;
				GCC_WARN_UNUSED_VARIABLE = YES;
				IPHONEOS_DEPLOYMENT_TARGET = 10.2;
				MTL_ENABLE_DEBUG_INFO = NO;
				SDKROOT = iphoneos;
				TARGETED_DEVICE_FAMILY = "1,2";
				VALIDATE_PRODUCT = YES;
			};
			name = Release;
		};
		64141B3E1E7F83A900FF4DED /* Debug */ = {
			isa = XCBuildConfiguration;
			buildSettings = {
				ASSETCATALOG_COMPILER_APPICON_NAME = AppIcon;
				INFOPLIST_FILE = ShopingAnimation/Info.plist;
				LD_RUNPATH_SEARCH_PATHS = "$(inherited) @executable_path/Frameworks";
				PRODUCT_BUNDLE_IDENTIFIER = com.rongmeng.ShopingAnimation;
				PRODUCT_NAME = "$(TARGET_NAME)";
			};
			name = Debug;
		};
		64141B3F1E7F83A900FF4DED /* Release */ = {
			isa = XCBuildConfiguration;
			buildSettings = {
				ASSETCATALOG_COMPILER_APPICON_NAME = AppIcon;
				INFOPLIST_FILE = ShopingAnimation/Info.plist;
				LD_RUNPATH_SEARCH_PATHS = "$(inherited) @executable_path/Frameworks";
				PRODUCT_BUNDLE_IDENTIFIER = com.rongmeng.ShopingAnimation;
				PRODUCT_NAME = "$(TARGET_NAME)";
			};
			name = Release;
		};
		64141B411E7F83A900FF4DED /* Debug */ = {
			isa = XCBuildConfiguration;
			buildSettings = {
				BUNDLE_LOADER = "$(TEST_HOST)";
				INFOPLIST_FILE = ShopingAnimationTests/Info.plist;
				LD_RUNPATH_SEARCH_PATHS = "$(inherited) @executable_path/Frameworks @loader_path/Frameworks";
				PRODUCT_BUNDLE_IDENTIFIER = com.rongmeng.ShopingAnimationTests;
				PRODUCT_NAME = "$(TARGET_NAME)";
				TEST_HOST = "$(BUILT_PRODUCTS_DIR)/ShopingAnimation.app/ShopingAnimation";
			};
			name = Debug;
		};
		64141B421E7F83A900FF4DED /* Release */ = {
			isa = XCBuildConfiguration;
			buildSettings = {
				BUNDLE_LOADER = "$(TEST_HOST)";
				INFOPLIST_FILE = ShopingAnimationTests/Info.plist;
				LD_RUNPATH_SEARCH_PATHS = "$(inherited) @executable_path/Frameworks @loader_path/Frameworks";
				PRODUCT_BUNDLE_IDENTIFIER = com.rongmeng.ShopingAnimationTests;
				PRODUCT_NAME = "$(TARGET_NAME)";
				TEST_HOST = "$(BUILT_PRODUCTS_DIR)/ShopingAnimation.app/ShopingAnimation";
			};
			name = Release;
		};
		64141B441E7F83A900FF4DED /* Debug */ = {
			isa = XCBuildConfiguration;
			buildSettings = {
				INFOPLIST_FILE = ShopingAnimationUITests/Info.plist;
				LD_RUNPATH_SEARCH_PATHS = "$(inherited) @executable_path/Frameworks @loader_path/Frameworks";
				PRODUCT_BUNDLE_IDENTIFIER = com.rongmeng.ShopingAnimationUITests;
				PRODUCT_NAME = "$(TARGET_NAME)";
				TEST_TARGET_NAME = ShopingAnimation;
			};
			name = Debug;
		};
		64141B451E7F83A900FF4DED /* Release */ = {
			isa = XCBuildConfiguration;
			buildSettings = {
				INFOPLIST_FILE = ShopingAnimationUITests/Info.plist;
				LD_RUNPATH_SEARCH_PATHS = "$(inherited) @executable_path/Frameworks @loader_path/Frameworks";
				PRODUCT_BUNDLE_IDENTIFIER = com.rongmeng.ShopingAnimationUITests;
				PRODUCT_NAME = "$(TARGET_NAME)";
				TEST_TARGET_NAME = ShopingAnimation;
			};
			name = Release;
		};
/* End XCBuildConfiguration section */

/* Begin XCConfigurationList section */
		64141B0B1E7F83A900FF4DED /* Build configuration list for PBXProject "ShopingAnimation" */ = {
			isa = XCConfigurationList;
			buildConfigurations = (
				64141B3B1E7F83A900FF4DED /* Debug */,
				64141B3C1E7F83A900FF4DED /* Release */,
			);
			defaultConfigurationIsVisible = 0;
			defaultConfigurationName = Release;
		};
		64141B3D1E7F83A900FF4DED /* Build configuration list for PBXNativeTarget "ShopingAnimation" */ = {
			isa = XCConfigurationList;
			buildConfigurations = (
				64141B3E1E7F83A900FF4DED /* Debug */,
				64141B3F1E7F83A900FF4DED /* Release */,
			);
			defaultConfigurationIsVisible = 0;
		};
		64141B401E7F83A900FF4DED /* Build configuration list for PBXNativeTarget "ShopingAnimationTests" */ = {
			isa = XCConfigurationList;
			buildConfigurations = (
				64141B411E7F83A900FF4DED /* Debug */,
				64141B421E7F83A900FF4DED /* Release */,
			);
			defaultConfigurationIsVisible = 0;
		};
		64141B431E7F83A900FF4DED /* Build configuration list for PBXNativeTarget "ShopingAnimationUITests" */ = {
			isa = XCConfigurationList;
			buildConfigurations = (
				64141B441E7F83A900FF4DED /* Debug */,
				64141B451E7F83A900FF4DED /* Release */,
			);
			defaultConfigurationIsVisible = 0;
		};
/* End XCConfigurationList section */
	};
	rootObject = 64141B081E7F83A900FF4DED /* Project object */;
}
